
Microsoft Visual Studio Solution File, Format Version 12.00
# Visual Studio Version 16
VisualStudioVersion = 16.0.810.6
MinimumVisualStudioVersion = 10.0.40219.1
Project("{FAE04EC0-301F-11D3-BF4B-00C04F79EFBC}") = "SportsStats", "SportsStats\SportsStats.csproj", "{5B7B3D75-CD08-4D79-8CC2-92282207BC0E}"
EndProject
Global
	GlobalSection(SolutionConfigurationPlatforms) = preSolution
		Debug|Any CPU = Debug|Any CPU
		Release|Any CPU = Release|Any CPU
	EndGlobalSection
	GlobalSection(ProjectConfigurationPlatforms) = postSolution
		{5B7B3D75-CD08-4D79-8CC2-92282207BC0E}.Debug|Any CPU.ActiveCfg = Debug|Any CPU
		{5B7B3D75-CD08-4D79-8CC2-92282207BC0E}.Debug|Any CPU.Build.0 = Debug|Any CPU
		{5B7B3D75-CD08-4D79-8CC2-92282207BC0E}.Release|Any CPU.ActiveCfg = Release|Any CPU
		{5B7B3D75-CD08-4D79-8CC2-92282207BC0E}.Release|Any CPU.Build.0 = Release|Any CPU
	EndGlobalSection
	GlobalSection(SolutionProperties) = preSolution
		HideSolutionNode = FALSE
	EndGlobalSection
	GlobalSection(ExtensibilityGlobals) = postSolution
		SolutionGuid = {9C93FCB3-4E29-4711-9611-2B7FA88BF8B1}
	EndGlobalSection
EndGlobal
